
Microsoft Visual Studio Solution File, Format Version 12.00
# Visual Studio Version 16
VisualStudioVersion = 16.0.30804.86
MinimumVisualStudioVersion = 10.0.40219.1
Project("{FAE04EC0-301F-11D3-BF4B-00C04F79EFBC}") = "Cheat", "Cheat\Cheat.csproj", "{2D43BD1B-81D1-47AB-90BF-4B919CFFA889}"
EndProject
Global
	GlobalSection(SolutionConfigurationPlatforms) = preSolution
		Debug|Any CPU = Debug|Any CPU
		Release|Any CPU = Release|Any CPU
	EndGlobalSection
	GlobalSection(ProjectConfigurationPlatforms) = postSolution
		{2D43BD1B-81D1-47AB-90BF-4B919CFFA889}.Debug|Any CPU.ActiveCfg = Debug|Any CPU
		{2D43BD1B-81D1-47AB-90BF-4B919CFFA889}.Debug|Any CPU.Build.0 = Debug|Any CPU
		{2D43BD1B-81D1-47AB-90BF-4B919CFFA889}.Release|Any CPU.ActiveCfg = Release|Any CPU
		{2D43BD1B-81D1-47AB-90BF-4B919CFFA889}.Release|Any CPU.Build.0 = Release|Any CPU
	EndGlobalSection
	GlobalSection(SolutionProperties) = preSolution
		HideSolutionNode = FALSE
	EndGlobalSection
	GlobalSection(ExtensibilityGlobals) = postSolution
		SolutionGuid = {72DA25AF-914D-4EE3-A3F3-D3AB47573A3E}
	EndGlobalSection
EndGlobal
